PODS:
  - GoogleMaps/Base (3.8.0)
  - GooglePlaces (3.8.0):
    - GoogleMaps/Base (= 3.8.0)
  - MaterialComponents/ActivityIndicator (108.1.0):
    - MaterialComponents/Palettes
    - MaterialComponents/private/Application
    - MDFInternationalization
    - MotionAnimator (~> 2.0)
  - MaterialComponents/AnimationTiming (108.1.0)
  - MaterialComponents/Availability (108.1.0)
  - MaterialComponents/BottomNavigation (108.1.0):
    - MaterialComponents/Availability
    - MaterialComponents/Elevation
    - MaterialComponents/Ink
    - MaterialComponents/Palettes
    - MaterialComponents/private/Math
    - MaterialComponents/Ripple
    - MaterialComponents/ShadowElevations
    - MaterialComponents/ShadowLayer
    - MaterialComponents/Typography
    - MDFInternationalization
  - MaterialComponents/Buttons (108.1.0):
    - MaterialComponents/Elevation
    - MaterialComponents/Ink
    - MaterialComponents/private/Math
    - MaterialComponents/Ripple
    - MaterialComponents/ShadowElevations
    - MaterialComponents/ShadowLayer
    - MaterialComponents/Shapes
    - MaterialComponents/Typography
    - MDFInternationalization
    - MDFTextAccessibility
  - "MaterialComponents/Buttons+ColorThemer (108.1.0)":
    - MaterialComponents/Buttons
    - MaterialComponents/schemes/Color
  - "MaterialComponents/Buttons+ShapeThemer (108.1.0)":
    - MaterialComponents/Buttons
    - MaterialComponents/schemes/Shape
  - "MaterialComponents/Buttons+Theming (108.1.0)":
    - MaterialComponents/Buttons
    - "MaterialComponents/Buttons+ColorThemer"
    - "MaterialComponents/Buttons+ShapeThemer"
    - "MaterialComponents/Buttons+TypographyThemer"
    - MaterialComponents/schemes/Container
    - MaterialComponents/ShadowElevations
  - "MaterialComponents/Buttons+TypographyThemer (108.1.0)":
    - MaterialComponents/Buttons
    - MaterialComponents/schemes/Typography
  - MaterialComponents/Cards (108.1.0):
    - MaterialComponents/Elevation
    - MaterialComponents/Ink
    - MaterialComponents/private/Icons/ic_check_circle
    - MaterialComponents/private/Math
    - MaterialComponents/Ripple
    - MaterialComponents/ShadowLayer
    - MaterialComponents/Shapes
  - MaterialComponents/Dialogs (108.1.0):
    - MaterialComponents/Buttons
    - MaterialComponents/Elevation
    - MaterialComponents/private/KeyboardWatcher
    - MaterialComponents/private/Math
    - MaterialComponents/ShadowElevations
    - MaterialComponents/ShadowLayer
    - MaterialComponents/Typography
    - MDFInternationalization
  - MaterialComponents/Elevation (108.1.0):
    - MaterialComponents/Availability
    - MaterialComponents/private/Color
    - MaterialComponents/private/Math
  - MaterialComponents/Ink (108.1.0):
    - MaterialComponents/Availability
    - MaterialComponents/private/Color
    - MaterialComponents/private/Math
  - MaterialComponents/Palettes (108.1.0)
  - MaterialComponents/private/Application (108.1.0)
  - MaterialComponents/private/Color (108.1.0):
    - MaterialComponents/Availability
  - MaterialComponents/private/Icons/Base (108.1.0)
  - MaterialComponents/private/Icons/ic_check_circle (108.1.0):
    - MaterialComponents/private/Icons/Base
  - MaterialComponents/private/KeyboardWatcher (108.1.0):
    - MaterialComponents/private/Application
  - MaterialComponents/private/Math (108.1.0)
  - "MaterialComponents/private/TextControlsPrivate+BaseStyle (108.1.0)":
    - MaterialComponents/AnimationTiming
    - MaterialComponents/private/Math
    - "MaterialComponents/private/TextControlsPrivate+Shared"
  - "MaterialComponents/private/TextControlsPrivate+FilledStyle (108.1.0)":
    - MaterialComponents/AnimationTiming
    - MaterialComponents/Availability
    - MaterialComponents/private/Math
    - "MaterialComponents/private/TextControlsPrivate+Shared"
  - "MaterialComponents/private/TextControlsPrivate+OutlinedStyle (108.1.0)":
    - MaterialComponents/AnimationTiming
    - MaterialComponents/Availability
    - MaterialComponents/private/Math
    - "MaterialComponents/private/TextControlsPrivate+Shared"
  - "MaterialComponents/private/TextControlsPrivate+Shared (108.1.0)":
    - MaterialComponents/AnimationTiming
    - MaterialComponents/private/Math
    - "MaterialComponents/TextControls+Enums"
  - MaterialComponents/Ripple (108.1.0):
    - MaterialComponents/AnimationTiming
    - MaterialComponents/Availability
    - MaterialComponents/private/Color
    - MaterialComponents/private/Math
  - MaterialComponents/schemes/Color (108.1.0):
    - MaterialComponents/Availability
    - MaterialComponents/private/Color
  - MaterialComponents/schemes/Container (108.1.0):
    - MaterialComponents/schemes/Color
    - MaterialComponents/schemes/Shape
    - MaterialComponents/schemes/Typography
  - MaterialComponents/schemes/Shape (108.1.0):
    - MaterialComponents/ShapeLibrary
    - MaterialComponents/Shapes
  - MaterialComponents/schemes/Typography (108.1.0):
    - "MaterialComponents/schemes/Typography+BasicFontScheme"
    - "MaterialComponents/schemes/Typography+Scheming"
    - MaterialComponents/Typography
  - "MaterialComponents/schemes/Typography+BasicFontScheme (108.1.0)"
  - "MaterialComponents/schemes/Typography+Scheming (108.1.0)"
  - MaterialComponents/ShadowElevations (108.1.0)
  - MaterialComponents/ShadowLayer (108.1.0):
    - MaterialComponents/ShadowElevations
  - MaterialComponents/ShapeLibrary (108.1.0):
    - MaterialComponents/private/Math
    - MaterialComponents/Shapes
  - MaterialComponents/Shapes (108.1.0):
    - MaterialComponents/private/Color
    - MaterialComponents/private/Math
    - MaterialComponents/ShadowLayer
  - MaterialComponents/Tabs (108.1.0):
    - MaterialComponents/AnimationTiming
    - MaterialComponents/Elevation
    - MaterialComponents/Ink
    - MaterialComponents/Palettes
    - MaterialComponents/private/Math
    - MaterialComponents/Ripple
    - MaterialComponents/ShadowElevations
    - MaterialComponents/ShadowLayer
    - MaterialComponents/Typography
    - MDFInternationalization
  - "MaterialComponents/TextControls+BaseTextAreas (108.1.0)":
    - "MaterialComponents/private/TextControlsPrivate+BaseStyle"
    - "MaterialComponents/private/TextControlsPrivate+Shared"
    - MDFInternationalization
  - "MaterialComponents/TextControls+BaseTextFields (108.1.0)":
    - "MaterialComponents/private/TextControlsPrivate+BaseStyle"
    - "MaterialComponents/private/TextControlsPrivate+Shared"
    - MDFInternationalization
  - "MaterialComponents/TextControls+Enums (108.1.0)"
  - "MaterialComponents/TextControls+FilledTextAreas (108.1.0)":
    - MaterialComponents/Availability
    - "MaterialComponents/private/TextControlsPrivate+FilledStyle"
    - "MaterialComponents/TextControls+BaseTextAreas"
  - "MaterialComponents/TextControls+FilledTextAreasTheming (108.1.0)":
    - MaterialComponents/schemes/Container
    - "MaterialComponents/TextControls+FilledTextAreas"
  - "MaterialComponents/TextControls+FilledTextFields (108.1.0)":
    - MaterialComponents/Availability
    - "MaterialComponents/private/TextControlsPrivate+FilledStyle"
    - "MaterialComponents/TextControls+BaseTextFields"
  - "MaterialComponents/TextControls+FilledTextFieldsTheming (108.1.0)":
    - MaterialComponents/schemes/Container
    - "MaterialComponents/TextControls+FilledTextFields"
  - "MaterialComponents/TextControls+OutlinedTextAreas (108.1.0)":
    - MaterialComponents/Availability
    - "MaterialComponents/private/TextControlsPrivate+OutlinedStyle"
    - "MaterialComponents/TextControls+BaseTextAreas"
  - "MaterialComponents/TextControls+OutlinedTextAreasTheming (108.1.0)":
    - MaterialComponents/schemes/Container
    - "MaterialComponents/TextControls+OutlinedTextAreas"
  - "MaterialComponents/TextControls+OutlinedTextFields (108.1.0)":
    - MaterialComponents/Availability
    - "MaterialComponents/private/TextControlsPrivate+OutlinedStyle"
    - "MaterialComponents/TextControls+BaseTextFields"
  - "MaterialComponents/TextControls+OutlinedTextFieldsTheming (108.1.0)":
    - MaterialComponents/schemes/Container
    - "MaterialComponents/TextControls+OutlinedTextFields"
  - MaterialComponents/Typography (108.1.0):
    - MaterialComponents/private/Application
    - MaterialComponents/private/Math
  - MDFInternationalization (2.0.0)
  - MDFTextAccessibility (2.0.0)
  - MotionAnimator (2.8.1):
    - MotionInterchange (~> 1.6)
  - MotionInterchange (1.6.0)
  - SnapKit (5.0.1)

DEPENDENCIES:
  - GooglePlaces
  - MaterialComponents/ActivityIndicator
  - MaterialComponents/BottomNavigation
  - "MaterialComponents/Buttons+Theming"
  - MaterialComponents/Cards
  - MaterialComponents/Dialogs
  - MaterialComponents/ShadowElevations
  - MaterialComponents/Tabs
  - "MaterialComponents/TextControls+FilledTextAreasTheming"
  - "MaterialComponents/TextControls+FilledTextFieldsTheming"
  - "MaterialComponents/TextControls+OutlinedTextAreasTheming"
  - "MaterialComponents/TextControls+OutlinedTextFieldsTheming"
  - SnapKit (~> 5.0.0)

SPEC REPOS:
  https://github.com/CocoaPods/Specs.git:
    - GoogleMaps
    - GooglePlaces
    - MaterialComponents
    - MDFInternationalization
    - MDFTextAccessibility
    - MotionAnimator
    - MotionInterchange
    - SnapKit

SPEC CHECKSUMS:
  GoogleMaps: 7c8d66d70e4e8c300f43a7219d8fdaad7b325a9a
  GooglePlaces: d5f70c3e9e427964fdeca1301a665d276ccd8754
  MaterialComponents: d1c85bdf01caed6b6e11e78731e71e2d55d331da
  MDFInternationalization: 010097556d6b09d2c4ea38e0820ea6d37be6a314
  MDFTextAccessibility: 85c09a1bd9c321f494348e632a25063bcda35a53
  MotionAnimator: ee16aa30567c5bae0fb2750c132915829cfaaf8a
  MotionInterchange: ead0e3ae1f3a5fb539e289debbc7ae036160a10d
  SnapKit: 97b92857e3df3a0c71833cce143274bf6ef8e5eb

PODFILE CHECKSUM: 81c97c507286cdec78f3e622c3964db655ebe465

COCOAPODS: 1.9.1
